
Microsoft Visual Studio Solution File, Format Version 12.00
# Visual Studio Version 16
VisualStudioVersion = 16.0.31424.327
MinimumVisualStudioVersion = 10.0.40219.1
Project("{FAE04EC0-301F-11D3-BF4B-00C04F79EFBC}") = "RedBadgeFinal", "RedBadgeFinal\RedBadgeFinal.csproj", "{9E0D02D9-CD8F-4780-8288-47D7A625BEF4}"
EndProject
Global
	GlobalSection(SolutionConfigurationPlatforms) = preSolution
		Debug|Any CPU = Debug|Any CPU
		Release|Any CPU = Release|Any CPU
	EndGlobalSection
	GlobalSection(ProjectConfigurationPlatforms) = postSolution
		{9E0D02D9-CD8F-4780-8288-47D7A625BEF4}.Debug|Any CPU.ActiveCfg = Debug|Any CPU
		{9E0D02D9-CD8F-4780-8288-47D7A625BEF4}.Debug|Any CPU.Build.0 = Debug|Any CPU
		{9E0D02D9-CD8F-4780-8288-47D7A625BEF4}.Release|Any CPU.ActiveCfg = Release|Any CPU
		{9E0D02D9-CD8F-4780-8288-47D7A625BEF4}.Release|Any CPU.Build.0 = Release|Any CPU
	EndGlobalSection
	GlobalSection(SolutionProperties) = preSolution
		HideSolutionNode = FALSE
	EndGlobalSection
	GlobalSection(ExtensibilityGlobals) = postSolution
		SolutionGuid = {527E8186-6C29-4354-8BFC-F38F7D102658}
	EndGlobalSection
EndGlobal
